
Microsoft Visual Studio Solution File, Format Version 12.00
Project("{FAE04EC0-301F-11D3-BF4B-00C04F79EFBC}") = "CoolAuth", "CoolAuth\CoolAuth.csproj", "{89A55C2B-C032-4F03-9D1C-B2D300BD994E}"
EndProject
Global
	GlobalSection(SolutionConfigurationPlatforms) = preSolution
		Debug|Any CPU = Debug|Any CPU
		Release|Any CPU = Release|Any CPU
	EndGlobalSection
	GlobalSection(ProjectConfigurationPlatforms) = postSolution
		{89A55C2B-C032-4F03-9D1C-B2D300BD994E}.Debug|Any CPU.ActiveCfg = Debug|Any CPU
		{89A55C2B-C032-4F03-9D1C-B2D300BD994E}.Debug|Any CPU.Build.0 = Debug|Any CPU
		{89A55C2B-C032-4F03-9D1C-B2D300BD994E}.Release|Any CPU.ActiveCfg = Release|Any CPU
		{89A55C2B-C032-4F03-9D1C-B2D300BD994E}.Release|Any CPU.Build.0 = Release|Any CPU
	EndGlobalSection
EndGlobal
